
Microsoft Visual Studio Solution File, Format Version 12.00
# Visual Studio 15
VisualStudioVersion = 15.0.27428.1
MinimumVisualStudioVersion = 10.0.40219.1
Project("{FAE04EC0-301F-11D3-BF4B-00C04F79EFBC}") = "BLL", "Controller\BLL.csproj", "{0997A625-14F4-4510-8144-32B1D891CC9F}"
EndProject
Project("{FAE04EC0-301F-11D3-BF4B-00C04F79EFBC}") = "DB", "DB\DB.csproj", "{4D914334-8C3D-4902-8ADF-86175D79AF8D}"
EndProject
Project("{FAE04EC0-301F-11D3-BF4B-00C04F79EFBC}") = "CSGO_MVC", "CSGO_MVC\CSGO_MVC.csproj", "{FC8E04C5-A31F-4FF4-B3DF-8AFC25584715}"
EndProject
Global
	GlobalSection(SolutionConfigurationPlatforms) = preSolution
		Debug|Any CPU = Debug|Any CPU
		Release|Any CPU = Release|Any CPU
	EndGlobalSection
	GlobalSection(ProjectConfigurationPlatforms) = postSolution
		{0997A625-14F4-4510-8144-32B1D891CC9F}.Debug|Any CPU.ActiveCfg = Debug|Any CPU
		{0997A625-14F4-4510-8144-32B1D891CC9F}.Debug|Any CPU.Build.0 = Debug|Any CPU
		{0997A625-14F4-4510-8144-32B1D891CC9F}.Release|Any CPU.ActiveCfg = Release|Any CPU
		{0997A625-14F4-4510-8144-32B1D891CC9F}.Release|Any CPU.Build.0 = Release|Any CPU
		{4D914334-8C3D-4902-8ADF-86175D79AF8D}.Debug|Any CPU.ActiveCfg = Debug|Any CPU
		{4D914334-8C3D-4902-8ADF-86175D79AF8D}.Debug|Any CPU.Build.0 = Debug|Any CPU
		{4D914334-8C3D-4902-8ADF-86175D79AF8D}.Release|Any CPU.ActiveCfg = Release|Any CPU
		{4D914334-8C3D-4902-8ADF-86175D79AF8D}.Release|Any CPU.Build.0 = Release|Any CPU
		{FC8E04C5-A31F-4FF4-B3DF-8AFC25584715}.Debug|Any CPU.ActiveCfg = Debug|Any CPU
		{FC8E04C5-A31F-4FF4-B3DF-8AFC25584715}.Debug|Any CPU.Build.0 = Debug|Any CPU
		{FC8E04C5-A31F-4FF4-B3DF-8AFC25584715}.Release|Any CPU.ActiveCfg = Release|Any CPU
		{FC8E04C5-A31F-4FF4-B3DF-8AFC25584715}.Release|Any CPU.Build.0 = Release|Any CPU
	EndGlobalSection
	GlobalSection(SolutionProperties) = preSolution
		HideSolutionNode = FALSE
	EndGlobalSection
	GlobalSection(ExtensibilityGlobals) = postSolution
		SolutionGuid = {2DADB4DF-E955-48B7-88A9-20B4D9731EC5}
	EndGlobalSection
EndGlobal
